
Microsoft Visual Studio Solution File, Format Version 12.00
# Visual Studio 2012
Project("{FAE04EC0-301F-11D3-BF4B-00C04F79EFBC}") = "TestApp.SL", "TestApp.SL\TestApp.SL.csproj", "{BE945319-795B-4099-8E83-87720D5EF6F1}"
EndProject
Project("{FAE04EC0-301F-11D3-BF4B-00C04F79EFBC}") = "TestApp.SL.Web", "TestApp.SL.Web\TestApp.SL.Web.csproj", "{A3721AFC-7934-4D12-BE84-48CDE4268CEF}"
EndProject
Project("{2150E333-8FDC-42A3-9474-1A3956D46DE8}") = ".nuget", ".nuget", "{A86A97B3-75C9-4198-BCEA-96748BFA12D4}"
	ProjectSection(SolutionItems) = preProject
		.nuget\NuGet.Config = .nuget\NuGet.Config
		.nuget\NuGet.exe = .nuget\NuGet.exe
		.nuget\NuGet.targets = .nuget\NuGet.targets
	EndProjectSection
EndProject
Global
	GlobalSection(SolutionConfigurationPlatforms) = preSolution
		Debug|Any CPU = Debug|Any CPU
		Release|Any CPU = Release|Any CPU
	EndGlobalSection
	GlobalSection(ProjectConfigurationPlatforms) = postSolution
		{BE945319-795B-4099-8E83-87720D5EF6F1}.Debug|Any CPU.ActiveCfg = Debug|Any CPU
		{BE945319-795B-4099-8E83-87720D5EF6F1}.Debug|Any CPU.Build.0 = Debug|Any CPU
		{BE945319-795B-4099-8E83-87720D5EF6F1}.Release|Any CPU.ActiveCfg = Release|Any CPU
		{BE945319-795B-4099-8E83-87720D5EF6F1}.Release|Any CPU.Build.0 = Release|Any CPU
		{A3721AFC-7934-4D12-BE84-48CDE4268CEF}.Debug|Any CPU.ActiveCfg = Debug|Any CPU
		{A3721AFC-7934-4D12-BE84-48CDE4268CEF}.Debug|Any CPU.Build.0 = Debug|Any CPU
		{A3721AFC-7934-4D12-BE84-48CDE4268CEF}.Release|Any CPU.ActiveCfg = Release|Any CPU
		{A3721AFC-7934-4D12-BE84-48CDE4268CEF}.Release|Any CPU.Build.0 = Release|Any CPU
	EndGlobalSection
	GlobalSection(SolutionProperties) = preSolution
		HideSolutionNode = FALSE
	EndGlobalSection
EndGlobal
